{
  "version": 1,
  "dependencies": {
    ".NETFramework,Version=v4.8": {
      "BepInEx.Core": {
        "type": "Direct",
        "requested": "[5.4.21, 5.4.21]",
        "resolved": "5.4.21",
        "contentHash": "NMUPlbHTTfJ+qIQCI90uIvjuUQ4wnwt4cpRsK3ItBh1DhsWFzAHXNiZjBxZkPysljEKQ2iu89sxMTga4bxBXVQ==",
        "dependencies": {
          "BepInEx.BaseLib": "5.4.20",
          "HarmonyX": "2.7.0"
        }
      },
      "Digitalroot.Valheim.Build.Targets": {
        "type": "Direct",
        "requested": "[1.0.21, )",
        "resolved": "1.0.21",
        "contentHash": "8mErk3UFjy80d9IlTjXNsofT7YfKLz897YE10ieB/SHNbBorzwVCPYRGsmuaNH8HyqjKQH3KnK4gDwDMBEC+DQ=="
      },
      "Digitalroot.Valheim.Common.AssemblyInfo": {
        "type": "Direct",
        "requested": "[1.0.17, )",
        "resolved": "1.0.17",
        "contentHash": "EMa138YM/LPqUEnJixjQlL8pBo+UvZULBrpFmq/8Lu7TggcJgwhLQ3n5534sh/vV7D5w4LZu1iJRrScMrRidlg=="
      },
      "Digitalroot.Valheim.Common.Log": {
        "type": "Direct",
        "requested": "[1.1.53, )",
        "resolved": "1.1.53",
        "contentHash": "VYKplEKfk0NkkyNnjSrEf+RfMwphb7C5dU0eM5xdDcTLFRmacl2GbyLMIe6ugQiHwtTiFmXom5L+Ucu2tThldQ==",
        "dependencies": {
          "Digitalroot.Valheim.Common.Json": "1.0.41"
        }
      },
      "Digitalroot.Valheim.Common.Names": {
        "type": "Direct",
        "requested": "[1.4.30, )",
        "resolved": "1.4.30",
        "contentHash": "K66KrjXNaIE/igUTE4/UpVfmnIXKOduwzPoSI8u2SHZqf7wutFlBASZx66ek7A/nNi9S/4aXTWnwMX35NAs8oA==",
        "dependencies": {
          "Digitalroot.Valheim.Common.Utils": "1.0.63"
        }
      },
      "Digitalroot.Valheim.Common.References": {
        "type": "Direct",
        "requested": "[0.218.15, )",
        "resolved": "0.218.15",
        "contentHash": "Qg5YEUrGP9yBimtvSyfmODhOMFwErdGt6ZmFyz2zU1CeW4pgXA+VHIskqA2oHHkzp/6FLhr0ZR5laeAQ+Ah8aA=="
      },
      "Digitalroot.Valheim.Common.Utils": {
        "type": "Direct",
        "requested": "[1.0.63, )",
        "resolved": "1.0.63",
        "contentHash": "Wak3IG6fL3NMQ4w7PK27idvfi/v5bY/QMgrH+fyaw0a8bDRYMseNvL3tED9XEbXhzsbYWBCk2IEsJ4EDUaDKxQ==",
        "dependencies": {
          "Digitalroot.Valheim.Common.Log": "1.1.53"
        }
      },
      "Digitalroot.Valheim.References.EpicLoot": {
        "type": "Direct",
        "requested": "[0.10.0, )",
        "resolved": "0.10.0",
        "contentHash": "xcrww8T651JVpWdursPyqJ2Ok+3eD9/sx8TfqlRrelY5VRNXeBo1W+g2JhdGacsZc4c5C/tzmdjkHap34159Zw=="
      },
      "ErrorProne.NET.CoreAnalyzers": {
        "type": "Direct",
        "requested": "[0.1.2, )",
        "resolved": "0.1.2",
        "contentHash": "RQdzUtFVhwLwisP2Du7Ugm7ldwAzc+QJrlZWNIwHXcgq4b5fLwZgdN1203RdYiHS8OOALophC6yWekxu3UgN2g=="
      },
      "Fody": {
        "type": "Direct",
        "requested": "[6.6.0, 6.6.0]",
        "resolved": "6.6.0",
        "contentHash": "NWWM8KiR9DGiAi47q9px9oI27xYBiM5KXxSnI4R5mz2/rG8LIcXJfw5zDLLH1xOgzqRNJgc8KTPQPoiQCidYUw=="
      },
      "ILMerge.Fody": {
        "type": "Direct",
        "requested": "[1.22.0, 1.22.0]",
        "resolved": "1.22.0",
        "contentHash": "VCWQM8q7wZwHMgksBsFfbImRUmlgn7E6EKkrnUV86/keqBvMTjhlA7mBYtz6Dace8XsJYufYJvRP25uur5W5WA==",
        "dependencies": {
          "Fody": "6.3.0"
        }
      },
      "BepInEx.BaseLib": {
        "type": "Transitive",
        "resolved": "5.4.20",
        "contentHash": "0bXgYxbCEN2Ixp3kiFEhyw+RASeFQeg/ww+lbMt7if6XMeVS60eg6epNsMA8Jbx57dmNOzNevkKKw8mP8SUMqw=="
      },
      "Digitalroot.References.Unity": {
        "type": "Transitive",
        "resolved": "2022.3.17",
        "contentHash": "edxgtveXwn+ACtMyak1McLwoQxKm/GXdh8Drcx2hoFl5VoFeR9wdwEz1yJdVtbamtecZOVghEn3tKKR3ekqOeg=="
      },
      "Digitalroot.Valheim.Common.Json": {
        "type": "Transitive",
        "resolved": "1.0.41",
        "contentHash": "GScGAJd21loJA8SLAZ6ZhnP40T3wEF79uEUpL9GDPirr/nwFnybUeafZwKtSWvauPVZT/x/fXc8SJ5j68WjQ5Q==",
        "dependencies": {
          "Digitalroot.References.Unity": "2022.3.17",
          "LibZ.Tool": "1.2.0"
        }
      },
      "HarmonyX": {
        "type": "Transitive",
        "resolved": "2.7.0",
        "contentHash": "lec/SkduQspMa3Pi/nM/NSvA84Za8HCCWA8ybdToKiTqnBZa+JC5g6rxoFQCg/1vNuYcvjy77edePZzIEsRmvw==",
        "dependencies": {
          "MonoMod.RuntimeDetour": "21.12.13.1"
        }
      },
      "LibZ.Tool": {
        "type": "Transitive",
        "resolved": "1.2.0",
        "contentHash": "jcZROJ28bmrZx/RaFHcTlSy3x4SmSsMolJiKoluFFrE7oMiXUnYx1K+SJeHJhow05W0Rg9oi9HEyZWwdYSV3cw=="
      },
      "Mono.Cecil": {
        "type": "Transitive",
        "resolved": "0.11.4",
        "contentHash": "IC1h5g0NeJGHIUgzM1P82ld57knhP0IcQfrYITDPXlNpMYGUrsG5TxuaWTjaeqDNQMBDNZkB8L0rBnwsY6JHuQ=="
      },
      "MonoMod.RuntimeDetour": {
        "type": "Transitive",
        "resolved": "21.12.13.1",
        "contentHash": "65mB+bHjT6UCGCgO+/pYhpuGPf96rQ1Whwkut/x7cqVIW0DTndDFyWc/3bngzhnY/Y6IYtBMlXsU2ATq+CxpHg==",
        "dependencies": {
          "Mono.Cecil": "0.11.4",
          "MonoMod.Utils": "21.12.13.1"
        }
      },
      "MonoMod.Utils": {
        "type": "Transitive",
        "resolved": "21.12.13.1",
        "contentHash": "/H+0RMWqx/D1/fSuY5jhY6GFvqhdYdlnI7J3IfL8P6y4nJkoZDxqts6+RxWWOz4pbnJdWnxSjS8XG+Lq6rUi7w==",
        "dependencies": {
          "Mono.Cecil": "0.11.4"
        }
      }
    }
  }
}