{
  "version": 1,
  "dependencies": {
    ".NETFramework,Version=v4.8": {
      "BepInEx.Core": {
        "type": "Direct",
        "requested": "[5.4.21, 5.4.21]",
        "resolved": "5.4.21",
        "contentHash": "NMUPlbHTTfJ+qIQCI90uIvjuUQ4wnwt4cpRsK3ItBh1DhsWFzAHXNiZjBxZkPysljEKQ2iu89sxMTga4bxBXVQ==",
        "dependencies": {
          "BepInEx.BaseLib": "5.4.20",
          "HarmonyX": "2.7.0"
        }
      },
      "Digitalroot.Valheim.Build.Targets": {
        "type": "Direct",
        "requested": "[1.0.21, )",
        "resolved": "1.0.21",
        "contentHash": "8mErk3UFjy80d9IlTjXNsofT7YfKLz897YE10ieB/SHNbBorzwVCPYRGsmuaNH8HyqjKQH3KnK4gDwDMBEC+DQ=="
      },
      "Digitalroot.Valheim.Common.AssemblyInfo": {
        "type": "Direct",
        "requested": "[1.0.16, )",
        "resolved": "1.0.16",
        "contentHash": "+QeepsgH/cRv93h1NrhKLnjARUYNplFWVrFX4MBYLV2K2MQ9hGWV/bhR4As/2IOeNVKX42x5wJqw4YFbZLky/w=="
      },
      "Digitalroot.Valheim.Common.Log": {
        "type": "Direct",
        "requested": "[1.1.46, )",
        "resolved": "1.1.46",
        "contentHash": "WgwWYfcJJae4pQI0oRxkLj/NvFvYILo4p2P3nQkLX0i9fPpVB+eDlgAGUEsyG76PmsM/N7eZpGeiFvbnSDEEJQ==",
        "dependencies": {
          "Digitalroot.Valheim.Common.Json": "1.0.34"
        }
      },
      "Digitalroot.Valheim.Common.Names": {
        "type": "Direct",
        "requested": "[1.4.18, )",
        "resolved": "1.4.18",
        "contentHash": "FqjWNLeVXk6J14c7GWftZ8aIpsqPJ3uXKy+HXgS66SjED/h6j5EEirUZnDMGe7A/6GboNUA06/JDp3R8qfR2kg==",
        "dependencies": {
          "Digitalroot.Valheim.Common.Utils": "1.0.55"
        }
      },
      "Digitalroot.Valheim.Common.References": {
        "type": "Direct",
        "requested": "[0.217.38, )",
        "resolved": "0.217.38",
        "contentHash": "y8KIE7aSMeFytv1ks7CJIoDLWUPN4vzaSkWN2r4kDhkoq65rmmxB1UsjI+VZvfs9LZ5COfZwdQlz628/2Nclgg=="
      },
      "Digitalroot.Valheim.Common.Utils": {
        "type": "Direct",
        "requested": "[1.0.55, )",
        "resolved": "1.0.55",
        "contentHash": "J9VWU0c+GLXvUYKlBx0zeN5t49iCEnYWC27O2/CSC6IitOe3tR3YhSCanFvAQPNuR0UOpjmbUgHegA3t6NS6AQ==",
        "dependencies": {
          "Digitalroot.Valheim.Common.Log": "1.1.46"
        }
      },
      "Digitalroot.Valheim.References.EpicLoot": {
        "type": "Direct",
        "requested": "[0.9.37, )",
        "resolved": "0.9.37",
        "contentHash": "16jIswQ4g1pEdBRZJIHo77os+lHrZTmd+6TYhKPz3neQew7Nj4MhsT54h3eEEgbLyw7kALlycnKjTbDieNhzeg=="
      },
      "ErrorProne.NET.CoreAnalyzers": {
        "type": "Direct",
        "requested": "[0.1.2, )",
        "resolved": "0.1.2",
        "contentHash": "RQdzUtFVhwLwisP2Du7Ugm7ldwAzc+QJrlZWNIwHXcgq4b5fLwZgdN1203RdYiHS8OOALophC6yWekxu3UgN2g=="
      },
      "Fody": {
        "type": "Direct",
        "requested": "[6.6.0, 6.6.0]",
        "resolved": "6.6.0",
        "contentHash": "NWWM8KiR9DGiAi47q9px9oI27xYBiM5KXxSnI4R5mz2/rG8LIcXJfw5zDLLH1xOgzqRNJgc8KTPQPoiQCidYUw=="
      },
      "ILMerge.Fody": {
        "type": "Direct",
        "requested": "[1.22.0, 1.22.0]",
        "resolved": "1.22.0",
        "contentHash": "VCWQM8q7wZwHMgksBsFfbImRUmlgn7E6EKkrnUV86/keqBvMTjhlA7mBYtz6Dace8XsJYufYJvRP25uur5W5WA==",
        "dependencies": {
          "Fody": "6.3.0"
        }
      },
      "BepInEx.BaseLib": {
        "type": "Transitive",
        "resolved": "5.4.20",
        "contentHash": "0bXgYxbCEN2Ixp3kiFEhyw+RASeFQeg/ww+lbMt7if6XMeVS60eg6epNsMA8Jbx57dmNOzNevkKKw8mP8SUMqw=="
      },
      "Digitalroot.References.Unity": {
        "type": "Transitive",
        "resolved": "2022.3.12",
        "contentHash": "QgMwg+WAnbvmjxSuL+PKjr+35B0FhO0Thw9ddoSBrfBkYsMSCYAqJ0APsN2AQfXn3zVdJgP7Rw2S41DJfuBxRQ=="
      },
      "Digitalroot.Valheim.Common.Json": {
        "type": "Transitive",
        "resolved": "1.0.34",
        "contentHash": "L7xiFHkundjUriPdJeqpy+V65EjaJpIrQu925VV1E1JbvL16jcVDY32Hj5HoREUEe1Tn8VJSYJBU6SJTqha2kw==",
        "dependencies": {
          "Digitalroot.References.Unity": "2022.3.12",
          "Digitalroot.Valheim.Common.References": "0.217.30",
          "fastJSON": "2.4.0.4"
        }
      },
      "fastJSON": {
        "type": "Transitive",
        "resolved": "2.4.0.4",
        "contentHash": "lbxY+miTOvCNbNfOk8HcbmBD9F6wv2dRKZlMjtJBm6rjA5vFKXBYtR6eoIe96HnCHOE1nCJbMsaZDKGNPg5mIA=="
      },
      "HarmonyX": {
        "type": "Transitive",
        "resolved": "2.7.0",
        "contentHash": "lec/SkduQspMa3Pi/nM/NSvA84Za8HCCWA8ybdToKiTqnBZa+JC5g6rxoFQCg/1vNuYcvjy77edePZzIEsRmvw==",
        "dependencies": {
          "MonoMod.RuntimeDetour": "21.12.13.1"
        }
      },
      "Mono.Cecil": {
        "type": "Transitive",
        "resolved": "0.11.4",
        "contentHash": "IC1h5g0NeJGHIUgzM1P82ld57knhP0IcQfrYITDPXlNpMYGUrsG5TxuaWTjaeqDNQMBDNZkB8L0rBnwsY6JHuQ=="
      },
      "MonoMod.RuntimeDetour": {
        "type": "Transitive",
        "resolved": "21.12.13.1",
        "contentHash": "65mB+bHjT6UCGCgO+/pYhpuGPf96rQ1Whwkut/x7cqVIW0DTndDFyWc/3bngzhnY/Y6IYtBMlXsU2ATq+CxpHg==",
        "dependencies": {
          "Mono.Cecil": "0.11.4",
          "MonoMod.Utils": "21.12.13.1"
        }
      },
      "MonoMod.Utils": {
        "type": "Transitive",
        "resolved": "21.12.13.1",
        "contentHash": "/H+0RMWqx/D1/fSuY5jhY6GFvqhdYdlnI7J3IfL8P6y4nJkoZDxqts6+RxWWOz4pbnJdWnxSjS8XG+Lq6rUi7w==",
        "dependencies": {
          "Mono.Cecil": "0.11.4"
        }
      }
    }
  }
}